// !$*UTF8*$!
{
	archiveVersion = 1;
	classes = {
	};
	objectVersion = 77;
	objects = {

/* Begin PBXContainerItemProxy section */
		8F4CE1752E08F38A009D62C1 /* PBXContainerItemProxy */ = {
			isa = PBXContainerItemProxy;
			containerPortal = 8F4CE15C2E08F388009D62C1 /* Project object */;
			proxyType = 1;
			remoteGlobalIDString = 8F4CE1632E08F388009D62C1;
			remoteInfo = Foogle;
		};
		8F4CE17F2E08F38A009D62C1 /* PBXContainerItemProxy */ = {
			isa = PBXContainerItemProxy;
			containerPortal = 8F4CE15C2E08F388009D62C1 /* Project object */;
			proxyType = 1;
			remoteGlobalIDString = 8F4CE1632E08F388009D62C1;
			remoteInfo = Foogle;
		};
/* End PBXContainerItemProxy section */

/* Begin PBXFileReference section */
		8F4CE1642E08F388009D62C1 /* Foogle.app */ = {isa = PBXFileReference; explicitFileType = wrapper.application; includeInIndex = 0; path = Foogle.app; sourceTree = BUILT_PRODUCTS_DIR; };
		8F4CE1742E08F38A009D62C1 /* FoogleTests.xctest */ = {isa = PBXFileReference; explicitFileType = wrapper.cfbundle; includeInIndex = 0; path = FoogleTests.xctest; sourceTree = BUILT_PRODUCTS_DIR; };
		8F4CE17E2E08F38A009D62C1 /* FoogleUITests.xctest */ = {isa = PBXFileReference; explicitFileType = wrapper.cfbundle; includeInIndex = 0; path = FoogleUITests.xctest; sourceTree = BUILT_PRODUCTS_DIR; };
/* End PBXFileReference section */

/* Begin PBXFileSystemSynchronizedRootGroup section */
		8F4CE1662E08F388009D62C1 /* Foogle */ = {
			isa = PBXFileSystemSynchronizedRootGroup;
			path = Foogle;
			sourceTree = "<group>";
		};
		8F4CE1772E08F38A009D62C1 /* FoogleTests */ = {
			isa = PBXFileSystemSynchronizedRootGroup;
			path = FoogleTests;
			sourceTree = "<group>";
		};
		8F4CE1812E08F38A009D62C1 /* FoogleUITests */ = {
			isa = PBXFileSystemSynchronizedRootGroup;
			path = FoogleUITests;
			sourceTree = "<group>";
		};
/* End PBXFileSystemSynchronizedRootGroup section */

/* Begin PBXFrameworksBuildPhase section */
		8F4CE1612E08F388009D62C1 /* Frameworks */ = {
			isa = PBXFrameworksBuildPhase;
			buildActionMask = 2147483647;
			files = (
			);
			runOnlyForDeploymentPostprocessing = 0;
		};
		8F4CE1712E08F38A009D62C1 /* Frameworks */ = {
			isa = PBXFrameworksBuildPhase;
			buildActionMask = 2147483647;
			files = (
			);
			runOnlyForDeploymentPostprocessing = 0;
		};
		8F4CE17B2E08F38A009D62C1 /* Frameworks */ = {
			isa = PBXFrameworksBuildPhase;
			buildActionMask = 2147483647;
			files = (
			);
			runOnlyForDeploymentPostprocessing = 0;
		};
/* End PBXFrameworksBuildPhase section */

/* Begin PBXGroup section */
		8F4CE15B2E08F388009D62C1 = {
			isa = PBXGroup;
			children = (
				8F4CE1662E08F388009D62C1 /* Foogle */,
				8F4CE1772E08F38A009D62C1 /* FoogleTests */,
				8F4CE1812E08F38A009D62C1 /* FoogleUITests */,
				8F4CE1652E08F388009D62C1 /* Products */,
			);
			sourceTree = "<group>";
		};
		8F4CE1652E08F388009D62C1 /* Products */ = {
			isa = PBXGroup;
			children = (
				8F4CE1642E08F388009D62C1 /* Foogle.app */,
				8F4CE1742E08F38A009D62C1 /* FoogleTests.xctest */,
				8F4CE17E2E08F38A009D62C1 /* FoogleUITests.xctest */,
			);
			name = Products;
			sourceTree = "<group>";
		};
/* End PBXGroup section */

/* Begin PBXNativeTarget section */
		8F4CE1632E08F388009D62C1 /* Foogle */ = {
			isa = PBXNativeTarget;
			buildConfigurationList = 8F4CE1882E08F38A009D62C1 /* Build configuration list for PBXNativeTarget "Foogle" */;
			buildPhases = (
				8F4CE1602E08F388009D62C1 /* Sources */,
				8F4CE1612E08F388009D62C1 /* Frameworks */,
				8F4CE1622E08F388009D62C1 /* Resources */,
			);
			buildRules = (
			);
			dependencies = (
			);
			fileSystemSynchronizedGroups = (
				8F4CE1662E08F388009D62C1 /* Foogle */,
			);
			name = Foogle;
			packageProductDependencies = (
			);
			productName = Foogle;
			productReference = 8F4CE1642E08F388009D62C1 /* Foogle.app */;
			productType = "com.apple.product-type.application";
		};
		8F4CE1732E08F38A009D62C1 /* FoogleTests */ = {
			isa = PBXNativeTarget;
			buildConfigurationList = 8F4CE18B2E08F38A009D62C1 /* Build configuration list for PBXNativeTarget "FoogleTests" */;
			buildPhases = (
				8F4CE1702E08F38A009D62C1 /* Sources */,
				8F4CE1712E08F38A009D62C1 /* Frameworks */,
				8F4CE1722E08F38A009D62C1 /* Resources */,
			);
			buildRules = (
			);
			dependencies = (
				8F4CE1762E08F38A009D62C1 /* PBXTargetDependency */,
			);
			fileSystemSynchronizedGroups = (
				8F4CE1772E08F38A009D62C1 /* FoogleTests */,
			);
			name = FoogleTests;
			packageProductDependencies = (
			);
			productName = FoogleTests;
			productReference = 8F4CE1742E08F38A009D62C1 /* FoogleTests.xctest */;
			productType = "com.apple.product-type.bundle.unit-test";
		};
		8F4CE17D2E08F38A009D62C1 /* FoogleUITests */ = {
			isa = PBXNativeTarget;
			buildConfigurationList = 8F4CE18E2E08F38A009D62C1 /* Build configuration list for PBXNativeTarget "FoogleUITests" */;
			buildPhases = (
				8F4CE17A2E08F38A009D62C1 /* Sources */,
				8F4CE17B2E08F38A009D62C1 /* Frameworks */,
				8F4CE17C2E08F38A009D62C1 /* Resources */,
			);
			buildRules = (
			);
			dependencies = (
				8F4CE1802E08F38A009D62C1 /* PBXTargetDependency */,
			);
			fileSystemSynchronizedGroups = (
				8F4CE1812E08F38A009D62C1 /* FoogleUITests */,
			);
			name = FoogleUITests;
			packageProductDependencies = (
			);
			productName = FoogleUITests;
			productReference = 8F4CE17E2E08F38A009D62C1 /* FoogleUITests.xctest */;
			productType = "com.apple.product-type.bundle.ui-testing";
		};
/* End PBXNativeTarget section */

/* Begin PBXProject section */
		8F4CE15C2E08F388009D62C1 /* Project object */ = {
			isa = PBXProject;
			attributes = {
				BuildIndependentTargetsInParallel = 1;
				LastSwiftUpdateCheck = 1630;
				LastUpgradeCheck = 1630;
				TargetAttributes = {
					8F4CE1632E08F388009D62C1 = {
						CreatedOnToolsVersion = 16.3;
					};
					8F4CE1732E08F38A009D62C1 = {
						CreatedOnToolsVersion = 16.3;
						TestTargetID = 8F4CE1632E08F388009D62C1;
					};
					8F4CE17D2E08F38A009D62C1 = {
						CreatedOnToolsVersion = 16.3;
						TestTargetID = 8F4CE1632E08F388009D62C1;
					};
				};
			};
			buildConfigurationList = 8F4CE15F2E08F388009D62C1 /* Build configuration list for PBXProject "Foogle" */;
			developmentRegion = en;
			hasScannedForEncodings = 0;
			knownRegions = (
				en,
				Base,
			);
			mainGroup = 8F4CE15B2E08F388009D62C1;
			minimizedProjectReferenceProxies = 1;
			preferredProjectObjectVersion = 77;
			productRefGroup = 8F4CE1652E08F388009D62C1 /* Products */;
			projectDirPath = "";
			projectRoot = "";
			targets = (
				8F4CE1632E08F388009D62C1 /* Foogle */,
				8F4CE1732E08F38A009D62C1 /* FoogleTests */,
				8F4CE17D2E08F38A009D62C1 /* FoogleUITests */,
			);
		};
/* End PBXProject section */

/* Begin PBXResourcesBuildPhase section */
		8F4CE1622E08F388009D62C1 /* Resources */ = {
			isa = PBXResourcesBuildPhase;
			buildActionMask = 2147483647;
			files = (
			);
			runOnlyForDeploymentPostprocessing = 0;
		};
		8F4CE1722E08F38A009D62C1 /* Resources */ = {
			isa = PBXResourcesBuildPhase;
			buildActionMask = 2147483647;
			files = (
			);
			runOnlyForDeploymentPostprocessing = 0;
		};
		8F4CE17C2E08F38A009D62C1 /* Resources */ = {
			isa = PBXResourcesBuildPhase;
			buildActionMask = 2147483647;
			files = (
			);
			runOnlyForDeploymentPostprocessing = 0;
		};
/* End PBXResourcesBuildPhase section */

/* Begin PBXSourcesBuildPhase section */
		8F4CE1602E08F388009D62C1 /* Sources */ = {
			isa = PBXSourcesBuildPhase;
			buildActionMask = 2147483647;
			files = (
			);
			runOnlyForDeploymentPostprocessing = 0;
		};
		8F4CE1702E08F38A009D62C1 /* Sources */ = {
			isa = PBXSourcesBuildPhase;
			buildActionMask = 2147483647;
			files = (
			);
			runOnlyForDeploymentPostprocessing = 0;
		};
		8F4CE17A2E08F38A009D62C1 /* Sources */ = {
			isa = PBXSourcesBuildPhase;
			buildActionMask = 2147483647;
			files = (
			);
			runOnlyForDeploymentPostprocessing = 0;
		};
/* End PBXSourcesBuildPhase section */

/* Begin PBXTargetDependency section */
		8F4CE1762E08F38A009D62C1 /* PBXTargetDependency */ = {
			isa = PBXTargetDependency;
			target = 8F4CE1632E08F388009D62C1 /* Foogle */;
			targetProxy = 8F4CE1752E08F38A009D62C1 /* PBXContainerItemProxy */;
		};
		8F4CE1802E08F38A009D62C1 /* PBXTargetDependency */ = {
			isa = PBXTargetDependency;
			target = 8F4CE1632E08F388009D62C1 /* Foogle */;
			targetProxy = 8F4CE17F2E08F38A009D62C1 /* PBXContainerItemProxy */;
		};
/* End PBXTargetDependency section */

/* Begin XCBuildConfiguration section */
		8F4CE1862E08F38A009D62C1 /* Debug */ = {
			isa = XCBuildConfiguration;
			buildSettings = {
				ALWAYS_SEARCH_USER_PATHS = NO;
				ASSETCATALOG_COMPILER_GENERATE_SWIFT_ASSET_SYMBOL_EXTENSIONS = YES;
				CLANG_ANALYZER_NONNULL = YES;
				CLANG_ANALYZER_NUMBER_OBJECT_CONVERSION = YES_AGGRESSIVE;
				CLANG_CXX_LANGUAGE_STANDARD = "gnu++20";
				CLANG_ENABLE_MODULES = YES;
				CLANG_ENABLE_OBJC_ARC = YES;
				CLANG_ENABLE_OBJC_WEAK = YES;
				CLANG_WARN_BLOCK_CAPTURE_AUTORELEASING = YES;
				CLANG_WARN_BOOL_CONVERSION = YES;
				CLANG_WARN_COMMA = YES;
				CLANG_WARN_CONSTANT_CONVERSION = YES;
				CLANG_WARN_DEPRECATED_OBJC_IMPLEMENTATIONS = YES;
				CLANG_WARN_DIRECT_OBJC_ISA_USAGE = YES_ERROR;
				CLANG_WARN_DOCUMENTATION_COMMENTS = YES;
				CLANG_WARN_EMPTY_BODY = YES;
				CLANG_WARN_ENUM_CONVERSION = YES;
				CLANG_WARN_INFINITE_RECURSION = YES;
				CLANG_WARN_INT_CONVERSION = YES;
				CLANG_WARN_NON_LITERAL_NULL_CONVERSION = YES;
				CLANG_WARN_OBJC_IMPLICIT_RETAIN_SELF = YES;
				CLANG_WARN_OBJC_LITERAL_CONVERSION = YES;
				CLANG_WARN_OBJC_ROOT_CLASS = YES_ERROR;
				CLANG_WARN_QUOTED_INCLUDE_IN_FRAMEWORK_HEADER = YES;
				CLANG_WARN_RANGE_LOOP_ANALYSIS = YES;
				CLANG_WARN_STRICT_PROTOTYPES = YES;
				CLANG_WARN_SUSPICIOUS_MOVE = YES;
				CLANG_WARN_UNGUARDED_AVAILABILITY = YES_AGGRESSIVE;
				CLANG_WARN_UNREACHABLE_CODE = YES;
				CLANG_WARN__DUPLICATE_METHOD_MATCH = YES;
				COPY_PHASE_STRIP = NO;
				DEBUG_INFORMATION_FORMAT = dwarf;
				DEVELOPMENT_TEAM = WH4UTP47U2;
				ENABLE_STRICT_OBJC_MSGSEND = YES;
				ENABLE_TESTABILITY = YES;
				ENABLE_USER_SCRIPT_SANDBOXING = YES;
				GCC_C_LANGUAGE_STANDARD = gnu17;
				GCC_DYNAMIC_NO_PIC = NO;
				GCC_NO_COMMON_BLOCKS = YES;
				GCC_OPTIMIZATION_LEVEL = 0;
				GCC_PREPROCESSOR_DEFINITIONS = (
					"DEBUG=1",
					"$(inherited)",
				);
				GCC_WARN_64_TO_32_BIT_CONVERSION = YES;
				GCC_WARN_ABOUT_RETURN_TYPE = YES_ERROR;
				GCC_WARN_UNDECLARED_SELECTOR = YES;
				GCC_WARN_UNINITIALIZED_AUTOS = YES_AGGRESSIVE;
				GCC_WARN_UNUSED_FUNCTION = YES;
				GCC_WARN_UNUSED_VARIABLE = YES;
				LOCALIZATION_PREFERS_STRING_CATALOGS = YES;
				MACOSX_DEPLOYMENT_TARGET = 15.4;
				MTL_ENABLE_DEBUG_INFO = INCLUDE_SOURCE;
				MTL_FAST_MATH = YES;
				ONLY_ACTIVE_ARCH = YES;
				SDKROOT = macosx;
				SWIFT_ACTIVE_COMPILATION_CONDITIONS = "DEBUG $(inherited)";
				SWIFT_OPTIMIZATION_LEVEL = "-Onone";
			};
			name = Debug;
		};
		8F4CE1872E08F38A009D62C1 /* Release */ = {
			isa = XCBuildConfiguration;
			buildSettings = {
				ALWAYS_SEARCH_USER_PATHS = NO;
				ASSETCATALOG_COMPILER_GENERATE_SWIFT_ASSET_SYMBOL_EXTENSIONS = YES;
				CLANG_ANALYZER_NONNULL = YES;
				CLANG_ANALYZER_NUMBER_OBJECT_CONVERSION = YES_AGGRESSIVE;
				CLANG_CXX_LANGUAGE_STANDARD = "gnu++20";
				CLANG_ENABLE_MODULES = YES;
				CLANG_ENABLE_OBJC_ARC = YES;
				CLANG_ENABLE_OBJC_WEAK = YES;
				CLANG_WARN_BLOCK_CAPTURE_AUTORELEASING = YES;
				CLANG_WARN_BOOL_CONVERSION = YES;
				CLANG_WARN_COMMA = YES;
				CLANG_WARN_CONSTANT_CONVERSION = YES;
				CLANG_WARN_DEPRECATED_OBJC_IMPLEMENTATIONS = YES;
				CLANG_WARN_DIRECT_OBJC_ISA_USAGE = YES_ERROR;
				CLANG_WARN_DOCUMENTATION_COMMENTS = YES;
				CLANG_WARN_EMPTY_BODY = YES;
				CLANG_WARN_ENUM_CONVERSION = YES;
				CLANG_WARN_INFINITE_RECURSION = YES;
				CLANG_WARN_INT_CONVERSION = YES;
				CLANG_WARN_NON_LITERAL_NULL_CONVERSION = YES;
				CLANG_WARN_OBJC_IMPLICIT_RETAIN_SELF = YES;
				CLANG_WARN_OBJC_LITERAL_CONVERSION = YES;
				CLANG_WARN_OBJC_ROOT_CLASS = YES_ERROR;
				CLANG_WARN_QUOTED_INCLUDE_IN_FRAMEWORK_HEADER = YES;
				CLANG_WARN_RANGE_LOOP_ANALYSIS = YES;
				CLANG_WARN_STRICT_PROTOTYPES = YES;
				CLANG_WARN_SUSPICIOUS_MOVE = YES;
				CLANG_WARN_UNGUARDED_AVAILABILITY = YES_AGGRESSIVE;
				CLANG_WARN_UNREACHABLE_CODE = YES;
				CLANG_WARN__DUPLICATE_METHOD_MATCH = YES;
				COPY_PHASE_STRIP = NO;
				DEBUG_INFORMATION_FORMAT = "dwarf-with-dsym";
				DEVELOPMENT_TEAM = WH4UTP47U2;
				ENABLE_NS_ASSERTIONS = NO;
				ENABLE_STRICT_OBJC_MSGSEND = YES;
				ENABLE_USER_SCRIPT_SANDBOXING = YES;
				GCC_C_LANGUAGE_STANDARD = gnu17;
				GCC_NO_COMMON_BLOCKS = YES;
				GCC_WARN_64_TO_32_BIT_CONVERSION = YES;
				GCC_WARN_ABOUT_RETURN_TYPE = YES_ERROR;
				GCC_WARN_UNDECLARED_SELECTOR = YES;
				GCC_WARN_UNINITIALIZED_AUTOS = YES_AGGRESSIVE;
				GCC_WARN_UNUSED_FUNCTION = YES;
				GCC_WARN_UNUSED_VARIABLE = YES;
				LOCALIZATION_PREFERS_STRING_CATALOGS = YES;
				MACOSX_DEPLOYMENT_TARGET = 15.4;
				MTL_ENABLE_DEBUG_INFO = NO;
				MTL_FAST_MATH = YES;
				SDKROOT = macosx;
				SWIFT_COMPILATION_MODE = wholemodule;
			};
			name = Release;
		};
		8F4CE1892E08F38A009D62C1 /* Debug */ = {
			isa = XCBuildConfiguration;
			buildSettings = {
				ASSETCATALOG_COMPILER_APPICON_NAME = AppIcon;
				ASSETCATALOG_COMPILER_GLOBAL_ACCENT_COLOR_NAME = AccentColor;
				CODE_SIGN_ENTITLEMENTS = Foogle/Foogle.entitlements;
				CODE_SIGN_STYLE = Automatic;
				COMBINE_HIDPI_IMAGES = YES;
				CURRENT_PROJECT_VERSION = 1;
				DEVELOPMENT_TEAM = WH4UTP47U2;
				ENABLE_HARDENED_RUNTIME = YES;
				ENABLE_PREVIEWS = YES;
				GENERATE_INFOPLIST_FILE = YES;
				INFOPLIST_KEY_NSHumanReadableCopyright = "";
				LD_RUNPATH_SEARCH_PATHS = (
					"$(inherited)",
					"@executable_path/../Frameworks",
				);
				MACOSX_DEPLOYMENT_TARGET = 14.0;
				MARKETING_VERSION = 1.0;
				PRODUCT_BUNDLE_IDENTIFIER = com.rcong.Foogle;
				PRODUCT_NAME = "$(TARGET_NAME)";
				REGISTER_APP_GROUPS = YES;
				SWIFT_EMIT_LOC_STRINGS = YES;
				SWIFT_VERSION = 5.0;
			};
			name = Debug;
		};
		8F4CE18A2E08F38A009D62C1 /* Release */ = {
			isa = XCBuildConfiguration;
			buildSettings = {
				ASSETCATALOG_COMPILER_APPICON_NAME = AppIcon;
				ASSETCATALOG_COMPILER_GLOBAL_ACCENT_COLOR_NAME = AccentColor;
				CODE_SIGN_ENTITLEMENTS = Foogle/Foogle.entitlements;
				CODE_SIGN_STYLE = Automatic;
				COMBINE_HIDPI_IMAGES = YES;
				CURRENT_PROJECT_VERSION = 1;
				DEVELOPMENT_TEAM = WH4UTP47U2;
				ENABLE_HARDENED_RUNTIME = YES;
				ENABLE_PREVIEWS = YES;
				GENERATE_INFOPLIST_FILE = YES;
				INFOPLIST_KEY_NSHumanReadableCopyright = "";
				LD_RUNPATH_SEARCH_PATHS = (
					"$(inherited)",
					"@executable_path/../Frameworks",
				);
				MACOSX_DEPLOYMENT_TARGET = 14.0;
				MARKETING_VERSION = 1.0;
				PRODUCT_BUNDLE_IDENTIFIER = com.rcong.Foogle;
				PRODUCT_NAME = "$(TARGET_NAME)";
				REGISTER_APP_GROUPS = YES;
				SWIFT_EMIT_LOC_STRINGS = YES;
				SWIFT_VERSION = 5.0;
			};
			name = Release;
		};
		8F4CE18C2E08F38A009D62C1 /* Debug */ = {
			isa = XCBuildConfiguration;
			buildSettings = {
				BUNDLE_LOADER = "$(TEST_HOST)";
				CODE_SIGN_STYLE = Automatic;
				CURRENT_PROJECT_VERSION = 1;
				DEVELOPMENT_TEAM = WH4UTP47U2;
				GENERATE_INFOPLIST_FILE = YES;
				MACOSX_DEPLOYMENT_TARGET = 14.0;
				MARKETING_VERSION = 1.0;
				PRODUCT_BUNDLE_IDENTIFIER = com.rcong.FoogleTests;
				PRODUCT_NAME = "$(TARGET_NAME)";
				SWIFT_EMIT_LOC_STRINGS = NO;
				SWIFT_VERSION = 5.0;
				TEST_HOST = "$(BUILT_PRODUCTS_DIR)/Foogle.app/$(BUNDLE_EXECUTABLE_FOLDER_PATH)/Foogle";
			};
			name = Debug;
		};
		8F4CE18D2E08F38A009D62C1 /* Release */ = {
			isa = XCBuildConfiguration;
			buildSettings = {
				BUNDLE_LOADER = "$(TEST_HOST)";
				CODE_SIGN_STYLE = Automatic;
				CURRENT_PROJECT_VERSION = 1;
				DEVELOPMENT_TEAM = WH4UTP47U2;
				GENERATE_INFOPLIST_FILE = YES;
				MACOSX_DEPLOYMENT_TARGET = 14.0;
				MARKETING_VERSION = 1.0;
				PRODUCT_BUNDLE_IDENTIFIER = com.rcong.FoogleTests;
				PRODUCT_NAME = "$(TARGET_NAME)";
				SWIFT_EMIT_LOC_STRINGS = NO;
				SWIFT_VERSION = 5.0;
				TEST_HOST = "$(BUILT_PRODUCTS_DIR)/Foogle.app/$(BUNDLE_EXECUTABLE_FOLDER_PATH)/Foogle";
			};
			name = Release;
		};
		8F4CE18F2E08F38A009D62C1 /* Debug */ = {
			isa = XCBuildConfiguration;
			buildSettings = {
				CODE_SIGN_STYLE = Automatic;
				CURRENT_PROJECT_VERSION = 1;
				DEVELOPMENT_TEAM = WH4UTP47U2;
				GENERATE_INFOPLIST_FILE = YES;
				MARKETING_VERSION = 1.0;
				PRODUCT_BUNDLE_IDENTIFIER = com.rcong.FoogleUITests;
				PRODUCT_NAME = "$(TARGET_NAME)";
				SWIFT_EMIT_LOC_STRINGS = NO;
				SWIFT_VERSION = 5.0;
				TEST_TARGET_NAME = Foogle;
			};
			name = Debug;
		};
		8F4CE1902E08F38A009D62C1 /* Release */ = {
			isa = XCBuildConfiguration;
			buildSettings = {
				CODE_SIGN_STYLE = Automatic;
				CURRENT_PROJECT_VERSION = 1;
				DEVELOPMENT_TEAM = WH4UTP47U2;
				GENERATE_INFOPLIST_FILE = YES;
				MARKETING_VERSION = 1.0;
				PRODUCT_BUNDLE_IDENTIFIER = com.rcong.FoogleUITests;
				PRODUCT_NAME = "$(TARGET_NAME)";
				SWIFT_EMIT_LOC_STRINGS = NO;
				SWIFT_VERSION = 5.0;
				TEST_TARGET_NAME = Foogle;
			};
			name = Release;
		};
/* End XCBuildConfiguration section */

/* Begin XCConfigurationList section */
		8F4CE15F2E08F388009D62C1 /* Build configuration list for PBXProject "Foogle" */ = {
			isa = XCConfigurationList;
			buildConfigurations = (
				8F4CE1862E08F38A009D62C1 /* Debug */,
				8F4CE1872E08F38A009D62C1 /* Release */,
			);
			defaultConfigurationIsVisible = 0;
			defaultConfigurationName = Release;
		};
		8F4CE1882E08F38A009D62C1 /* Build configuration list for PBXNativeTarget "Foogle" */ = {
			isa = XCConfigurationList;
			buildConfigurations = (
				8F4CE1892E08F38A009D62C1 /* Debug */,
				8F4CE18A2E08F38A009D62C1 /* Release */,
			);
			defaultConfigurationIsVisible = 0;
			defaultConfigurationName = Release;
		};
		8F4CE18B2E08F38A009D62C1 /* Build configuration list for PBXNativeTarget "FoogleTests" */ = {
			isa = XCConfigurationList;
			buildConfigurations = (
				8F4CE18C2E08F38A009D62C1 /* Debug */,
				8F4CE18D2E08F38A009D62C1 /* Release */,
			);
			defaultConfigurationIsVisible = 0;
			defaultConfigurationName = Release;
		};
		8F4CE18E2E08F38A009D62C1 /* Build configuration list for PBXNativeTarget "FoogleUITests" */ = {
			isa = XCConfigurationList;
			buildConfigurations = (
				8F4CE18F2E08F38A009D62C1 /* Debug */,
				8F4CE1902E08F38A009D62C1 /* Release */,
			);
			defaultConfigurationIsVisible = 0;
			defaultConfigurationName = Release;
		};
/* End XCConfigurationList section */
	};
	rootObject = 8F4CE15C2E08F388009D62C1 /* Project object */;
}
